
Microsoft Visual Studio Solution File, Format Version 12.00
# Visual Studio 15
VisualStudioVersion = 15.0.26228.4
MinimumVisualStudioVersion = 10.0.40219.1
Project("{FAE04EC0-301F-11D3-BF4B-00C04F79EFBC}") = "Assignment1-Client", "Assignment1-Client\Assignment1-Client.csproj", "{CE8BC4B3-1418-4FA6-B17D-7016D408CCCA}"
EndProject
Global
	GlobalSection(SolutionConfigurationPlatforms) = preSolution
		Debug|Any CPU = Debug|Any CPU
		Release|Any CPU = Release|Any CPU
	EndGlobalSection
	GlobalSection(ProjectConfigurationPlatforms) = postSolution
		{CE8BC4B3-1418-4FA6-B17D-7016D408CCCA}.Debug|Any CPU.ActiveCfg = Debug|Any CPU
		{CE8BC4B3-1418-4FA6-B17D-7016D408CCCA}.Debug|Any CPU.Build.0 = Debug|Any CPU
		{CE8BC4B3-1418-4FA6-B17D-7016D408CCCA}.Release|Any CPU.ActiveCfg = Release|Any CPU
		{CE8BC4B3-1418-4FA6-B17D-7016D408CCCA}.Release|Any CPU.Build.0 = Release|Any CPU
	EndGlobalSection
	GlobalSection(SolutionProperties) = preSolution
		HideSolutionNode = FALSE
	EndGlobalSection
EndGlobal
